<?xml version="1.0" encoding="utf-8"?>
<Project ToolsVersion="4.0" xmlns="http://schemas.microsoft.com/developer/msbuild/2003">
  <ItemGroup>
    <Filter Include="ヘッダー ファイル">
      <UniqueIdentifier>{93995380-89BD-4b04-88EB-625FBE52EBFB}</UniqueIdentifier>
      <Extensions>h;hh;hpp;hxx;h++;hm;inl;inc;ipp;xsd</Extensions>
    </Filter>
    <Filter Include="リソース ファイル">
      <UniqueIdentifier>{67DA6AB6-F800-4c08-8B7A-83BB121AAD01}</UniqueIdentifier>
      <Extensions>rc;ico;cur;bmp;dlg;rc2;rct;bin;rgs;gif;jpg;jpeg;jpe;resx;tiff;tif;png;wav;mfcribbon-ms</Extensions>
    </Filter>
    <Filter Include="ソース ファイル">
      <UniqueIdentifier>{4FC737F1-C7A5-4376-A066-2A32D752A2FF}</UniqueIdentifier>
      <Extensions>cpp;c;cc;cxx;c++;cppm;ixx;def;odl;idl;hpj;bat;asm;asmx</Extensions>
    </Filter>
    <Filter Include="リソース ファイル\PS">
      <UniqueIdentifier>{281d6cde-f2a2-48c9-9b0b-5c9d5c2670d7}</UniqueIdentifier>
    </Filter>
    <Filter Include="リソース ファイル\VS">
      <UniqueIdentifier>{1ee2b2f2-4a97-49c1-b825-840d94a6a4c3}</UniqueIdentifier>
    </Filter>
    <Filter Include="ソース ファイル\DirectX">
      <UniqueIdentifier>{347f6569-ae5d-4e26-a2e7-12090aa84d71}</UniqueIdentifier>
    </Filter>
    <Filter Include="ヘッダー ファイル\DirectX">
      <UniqueIdentifier>{299b346f-0589-4f5e-9baa-4686e5c2e3b1}</UniqueIdentifier>
    </Filter>
    <Filter Include="ソース ファイル\Camera">
      <UniqueIdentifier>{6768db72-cfe0-48a9-b248-6f7b2528e535}</UniqueIdentifier>
    </Filter>
    <Filter Include="ヘッダー ファイル\Camera">
      <UniqueIdentifier>{52d276ca-c24e-4192-8ff5-9f1c321605f3}</UniqueIdentifier>
    </Filter>
    <Filter Include="ソース ファイル\Input">
      <UniqueIdentifier>{ba987ac5-4a9f-497b-8c4c-b88a18b65917}</UniqueIdentifier>
    </Filter>
    <Filter Include="ヘッダー ファイル\Input">
      <UniqueIdentifier>{13fddc8b-9c68-44e3-8ab0-8eb16b9813fd}</UniqueIdentifier>
    </Filter>
    <Filter Include="ソース ファイル\GameApp">
      <UniqueIdentifier>{e0d050f3-4a78-44a2-bc50-20c4737ec473}</UniqueIdentifier>
    </Filter>
    <Filter Include="ヘッダー ファイル\BaseModel">
      <UniqueIdentifier>{bd85fa06-bfe5-4cf5-97f3-413894a73fdf}</UniqueIdentifier>
    </Filter>
    <Filter Include="ヘッダー ファイル\GameApp">
      <UniqueIdentifier>{85ae8828-3391-4700-8fce-6c59c47bef45}</UniqueIdentifier>
    </Filter>
    <Filter Include="ソース ファイル\Light">
      <UniqueIdentifier>{e3593418-d5e2-4cfd-9e71-221c7fdd30b4}</UniqueIdentifier>
    </Filter>
    <Filter Include="ヘッダー ファイル\Light">
      <UniqueIdentifier>{f10147f6-ae69-40ee-93c8-0ff4382a2262}</UniqueIdentifier>
    </Filter>
    <Filter Include="ヘッダー ファイル\Scene">
      <UniqueIdentifier>{539b138f-c584-4346-b32a-2cfae44accb8}</UniqueIdentifier>
    </Filter>
    <Filter Include="ヘッダー ファイル\Scene\SubScene">
      <UniqueIdentifier>{35724322-8fbe-4f3e-9d39-f64153a444b0}</UniqueIdentifier>
    </Filter>
    <Filter Include="ソース ファイル\UI">
      <UniqueIdentifier>{0fc653e1-25d7-4e91-81d4-26a2a1901b10}</UniqueIdentifier>
    </Filter>
    <Filter Include="ヘッダー ファイル\UI">
      <UniqueIdentifier>{9a62864d-621e-4d91-bcb4-8e184a8e8115}</UniqueIdentifier>
    </Filter>
    <Filter Include="ヘッダー ファイル\Debug">
      <UniqueIdentifier>{729e3c1d-1a6f-4154-b85a-789de9ae0de2}</UniqueIdentifier>
    </Filter>
    <Filter Include="ソース ファイル\Debug">
      <UniqueIdentifier>{8b56a2ca-ca1c-4b93-9df5-aa4ae808879a}</UniqueIdentifier>
    </Filter>
    <Filter Include="ソース ファイル\Timer">
      <UniqueIdentifier>{e9f1c5f0-72f4-4fde-b158-f91a41d58e98}</UniqueIdentifier>
    </Filter>
    <Filter Include="ヘッダー ファイル\Timer">
      <UniqueIdentifier>{8ccac86b-30f5-4caa-bb07-5cb5ef7b1d28}</UniqueIdentifier>
    </Filter>
    <Filter Include="ソース ファイル\Collider">
      <UniqueIdentifier>{89e41fe3-0b40-4c23-a52d-ebd5ca584a02}</UniqueIdentifier>
    </Filter>
    <Filter Include="ヘッダー ファイル\Collider">
      <UniqueIdentifier>{b8dd8c17-41e8-42f8-a132-709ac164f995}</UniqueIdentifier>
    </Filter>
    <Filter Include="ソース ファイル\GameObject">
      <UniqueIdentifier>{ba5f60e2-911f-45da-bec7-f4cbcecd8a74}</UniqueIdentifier>
    </Filter>
    <Filter Include="ヘッダー ファイル\GameObject">
      <UniqueIdentifier>{8f2ba9b8-122a-4108-ba36-f1e9a6e1c7ad}</UniqueIdentifier>
    </Filter>
    <Filter Include="ソース ファイル\RigidBody">
      <UniqueIdentifier>{4f070e43-096c-4825-8635-e15b13bd5b6d}</UniqueIdentifier>
    </Filter>
    <Filter Include="ヘッダー ファイル\RigidBody">
      <UniqueIdentifier>{07990942-1c63-47ed-8934-2e3e88c4ecff}</UniqueIdentifier>
    </Filter>
    <Filter Include="ヘッダー ファイル\DirectX\RenderState">
      <UniqueIdentifier>{395693fb-76cc-4e17-83f2-0def02390ce8}</UniqueIdentifier>
    </Filter>
    <Filter Include="ソース ファイル\DirectX\RenderState">
      <UniqueIdentifier>{43ceaec2-f692-4eb1-80ba-00543607c49c}</UniqueIdentifier>
    </Filter>
    <Filter Include="ソース ファイル\Collider\btCollider">
      <UniqueIdentifier>{d6567b6b-a939-4ee2-8639-f14e2249a22a}</UniqueIdentifier>
    </Filter>
    <Filter Include="ヘッダー ファイル\Animation">
      <UniqueIdentifier>{5ec31312-e8af-48c9-bf67-253aa87f3143}</UniqueIdentifier>
    </Filter>
    <Filter Include="ソース ファイル\Animation">
      <UniqueIdentifier>{300386b7-8b13-4478-8a98-587e21337ecf}</UniqueIdentifier>
    </Filter>
    <Filter Include="ソース ファイル\Scene">
      <UniqueIdentifier>{50232feb-ff0a-4e10-9830-2c15ae2f7c00}</UniqueIdentifier>
    </Filter>
    <Filter Include="ソース ファイル\Scene\SubScene">
      <UniqueIdentifier>{b6ad6e7f-fc2d-4be0-9f91-03741d0268b1}</UniqueIdentifier>
    </Filter>
    <Filter Include="ヘッダー ファイル\UI\BillboardUI">
      <UniqueIdentifier>{7d82cd8c-4ffb-4e3d-8088-f660e66ba965}</UniqueIdentifier>
    </Filter>
    <Filter Include="ソース ファイル\UI\BillboardUI">
      <UniqueIdentifier>{e6987715-b3cf-4820-a3c7-44a5f1b7ca0c}</UniqueIdentifier>
    </Filter>
    <Filter Include="ソース ファイル\BaseMesh">
      <UniqueIdentifier>{edf8cd8f-0b58-491c-9380-a57b5116cf5d}</UniqueIdentifier>
    </Filter>
    <Filter Include="ソース ファイル\BaseMesh\描画部分">
      <UniqueIdentifier>{62997c9d-32e0-4d19-a805-40b67ca2de95}</UniqueIdentifier>
    </Filter>
    <Filter Include="ソース ファイル\BaseMesh\完成形">
      <UniqueIdentifier>{ca61fe02-639d-4613-87fa-27d8e1f662eb}</UniqueIdentifier>
    </Filter>
    <Filter Include="ソース ファイル\UI\UIMesh">
      <UniqueIdentifier>{16e2af58-7db3-4161-bbca-cc570da491f7}</UniqueIdentifier>
    </Filter>
    <Filter Include="ヘッダー ファイル\UI\BillboardUI\UIMesh">
      <UniqueIdentifier>{da6a0e49-9ec4-4efb-a2d0-04f06e5af473}</UniqueIdentifier>
    </Filter>
  </ItemGroup>
  <ItemGroup>
    <ClCompile Include="StartUp.cpp">
      <Filter>ソース ファイル</Filter>
    </ClCompile>
    <ClCompile Include="Shader.cpp">
      <Filter>ソース ファイル\DirectX</Filter>
    </ClCompile>
    <ClCompile Include="D3DUtil.cpp">
      <Filter>ソース ファイル\DirectX</Filter>
    </ClCompile>
    <ClCompile Include="D3DApp.cpp">
      <Filter>ソース ファイル\DirectX</Filter>
    </ClCompile>
    <ClCompile Include="DXTrace.cpp">
      <Filter>ソース ファイル\DirectX</Filter>
    </ClCompile>
    <ClCompile Include="Texture.cpp">
      <Filter>ソース ファイル\DirectX</Filter>
    </ClCompile>
    <ClCompile Include="CameraBase.cpp">
      <Filter>ソース ファイル\Camera</Filter>
    </ClCompile>
    <ClCompile Include="FirstPersonCamera.cpp">
      <Filter>ソース ファイル\Camera</Filter>
    </ClCompile>
    <ClCompile Include="KInput.cpp">
      <Filter>ソース ファイル\Input</Filter>
    </ClCompile>
    <ClCompile Include="ThirdPersonCamera.cpp">
      <Filter>ソース ファイル\Camera</Filter>
    </ClCompile>
    <ClCompile Include="Mesh.cpp">
      <Filter>ソース ファイル\DirectX</Filter>
    </ClCompile>
    <ClCompile Include="GampApp.cpp">
      <Filter>ソース ファイル\GameApp</Filter>
    </ClCompile>
    <ClCompile Include="Transform.cpp">
      <Filter>ソース ファイル\DirectX</Filter>
    </ClCompile>
    <ClCompile Include="SceneManager.cpp">
      <Filter>ソース ファイル\Scene</Filter>
    </ClCompile>
    <ClCompile Include="SceneBase.cpp">
      <Filter>ソース ファイル\Scene</Filter>
    </ClCompile>
    <ClCompile Include="LightBase.cpp">
      <Filter>ソース ファイル\Light</Filter>
    </ClCompile>
    <ClCompile Include="DirLight.cpp">
      <Filter>ソース ファイル\Light</Filter>
    </ClCompile>
    <ClCompile Include="SceneGame.cpp">
      <Filter>ソース ファイル\Scene\SubScene</Filter>
    </ClCompile>
    <ClCompile Include="DebugLog.cpp">
      <Filter>ソース ファイル\Debug</Filter>
    </ClCompile>
    <ClCompile Include="GUI.cpp">
      <Filter>ソース ファイル\Debug</Filter>
    </ClCompile>
    <ClCompile Include="D2DBrush.cpp">
      <Filter>ソース ファイル\UI</Filter>
    </ClCompile>
    <ClCompile Include="UI2D.cpp">
      <Filter>ソース ファイル\UI</Filter>
    </ClCompile>
    <ClCompile Include="Timer.cpp">
      <Filter>ソース ファイル\Timer</Filter>
    </ClCompile>
    <ClCompile Include="Model.cpp">
      <Filter>ソース ファイル\BaseMesh</Filter>
    </ClCompile>
    <ClCompile Include="Cube.cpp">
      <Filter>ソース ファイル\BaseMesh\描画部分</Filter>
    </ClCompile>
    <ClCompile Include="Capsule.cpp">
      <Filter>ソース ファイル\BaseMesh\描画部分</Filter>
    </ClCompile>
    <ClCompile Include="Cylinder.cpp">
      <Filter>ソース ファイル\BaseMesh\描画部分</Filter>
    </ClCompile>
    <ClCompile Include="Primitive.cpp">
      <Filter>ソース ファイル\BaseMesh\描画部分</Filter>
    </ClCompile>
    <ClCompile Include="Sphere.cpp">
      <Filter>ソース ファイル\BaseMesh\描画部分</Filter>
    </ClCompile>
    <ClCompile Include="Collider.cpp">
      <Filter>ソース ファイル\Collider</Filter>
    </ClCompile>
    <ClCompile Include="Ingredient.cpp">
      <Filter>ソース ファイル\GameObject</Filter>
    </ClCompile>
    <ClCompile Include="Object.cpp">
      <Filter>ソース ファイル\GameObject</Filter>
    </ClCompile>
    <ClCompile Include="RenderState.cpp">
      <Filter>ソース ファイル\DirectX\RenderState</Filter>
    </ClCompile>
    <ClCompile Include="SceneTitle.cpp">
      <Filter>ソース ファイル\Scene\SubScene</Filter>
    </ClCompile>
    <ClCompile Include="UIButton.cpp">
      <Filter>ソース ファイル\UI\BillboardUI</Filter>
    </ClCompile>
    <ClCompile Include="RigidBody.cpp">
      <Filter>ソース ファイル\RigidBody</Filter>
    </ClCompile>
    <ClCompile Include="CylinderOneCap.cpp">
      <Filter>ソース ファイル\BaseMesh\描画部分</Filter>
    </ClCompile>
    <ClCompile Include="Water.cpp">
      <Filter>ソース ファイル\GameObject</Filter>
    </ClCompile>
    <ClCompile Include="PointLight.cpp">
      <Filter>ソース ファイル\Light</Filter>
    </ClCompile>
    <ClCompile Include="Player.cpp">
      <Filter>ソース ファイル</Filter>
    </ClCompile>
    <ClCompile Include="UIFont.cpp">
      <Filter>ソース ファイル\UI\BillboardUI</Filter>
    </ClCompile>
    <ClCompile Include="SceneLab.cpp">
      <Filter>ソース ファイル\Scene\SubScene</Filter>
    </ClCompile>
    <ClCompile Include="SceneInGameOption.cpp">
      <Filter>ソース ファイル\Scene\SubScene</Filter>
    </ClCompile>
    <ClCompile Include="SceneMission.cpp">
      <Filter>ソース ファイル\Scene\SubScene</Filter>
    </ClCompile>
    <ClCompile Include="ScenePotion.cpp">
      <Filter>ソース ファイル\Scene\SubScene</Filter>
    </ClCompile>
    <ClCompile Include="PBRModel.cpp">
      <Filter>ソース ファイル\BaseMesh</Filter>
    </ClCompile>
    <ClCompile Include="InteractiveStaticObject.cpp">
      <Filter>ソース ファイル\GameObject</Filter>
    </ClCompile>
    <ClCompile Include="MissionPaper.cpp">
      <Filter>ソース ファイル</Filter>
    </ClCompile>
    <ClCompile Include="StaticObject.cpp">
      <Filter>ソース ファイル\GameObject</Filter>
    </ClCompile>
    <ClCompile Include="UVAnimation.cpp">
      <Filter>ソース ファイル\Animation</Filter>
    </ClCompile>
    <ClCompile Include="Square.cpp">
      <Filter>ソース ファイル\BaseMesh\描画部分</Filter>
    </ClCompile>
    <ClCompile Include="Circle.cpp">
      <Filter>ソース ファイル\BaseMesh\描画部分</Filter>
    </ClCompile>
    <ClCompile Include="UIStackContainer.cpp">
      <Filter>ソース ファイル\UI\BillboardUI</Filter>
    </ClCompile>
    <ClCompile Include="SceneOption.cpp">
      <Filter>ソース ファイル\Scene\SubScene</Filter>
    </ClCompile>
    <ClCompile Include="UI_Capsule.cpp">
      <Filter>ソース ファイル\UI\UIMesh</Filter>
    </ClCompile>
    <ClCompile Include="Tile.cpp">
      <Filter>ソース ファイル\BaseMesh\描画部分</Filter>
    </ClCompile>
    <ClCompile Include="UI_Primitive.cpp">
      <Filter>ソース ファイル\UI\UIMesh</Filter>
    </ClCompile>
    <ClCompile Include="UI_Square.cpp">
      <Filter>ソース ファイル\UI\UIMesh</Filter>
    </ClCompile>
    <ClCompile Include="CanvasUI.cpp">
      <Filter>ソース ファイル\UI\UIMesh</Filter>
    </ClCompile>
    <ClCompile Include="Sprite.cpp">
      <Filter>ソース ファイル</Filter>
    </ClCompile>
    <ClCompile Include="WaterState.cpp">
      <Filter>ソース ファイル</Filter>
    </ClCompile>
  </ItemGroup>
  <ItemGroup>
    <ClInclude Include="StartUp.h">
      <Filter>ヘッダー ファイル</Filter>
    </ClInclude>
    <ClInclude Include="D3DApp.h">
      <Filter>ヘッダー ファイル\DirectX</Filter>
    </ClInclude>
    <ClInclude Include="D3DUtil.h">
      <Filter>ヘッダー ファイル\DirectX</Filter>
    </ClInclude>
    <ClInclude Include="DXTrace.h">
      <Filter>ヘッダー ファイル\DirectX</Filter>
    </ClInclude>
    <ClInclude Include="Shader.h">
      <Filter>ヘッダー ファイル\DirectX</Filter>
    </ClInclude>
    <ClInclude Include="Texture.h">
      <Filter>ヘッダー ファイル\DirectX</Filter>
    </ClInclude>
    <ClInclude Include="CameraBase.h">
      <Filter>ヘッダー ファイル\Camera</Filter>
    </ClInclude>
    <ClInclude Include="FirstPersonCamera.h">
      <Filter>ヘッダー ファイル\Camera</Filter>
    </ClInclude>
    <ClInclude Include="KInput.h">
      <Filter>ヘッダー ファイル\Input</Filter>
    </ClInclude>
    <ClInclude Include="resource.h">
      <Filter>ヘッダー ファイル</Filter>
    </ClInclude>
    <ClInclude Include="Cube.h">
      <Filter>ヘッダー ファイル\BaseModel</Filter>
    </ClInclude>
    <ClInclude Include="ThirdPersonCamera.h">
      <Filter>ヘッダー ファイル\Camera</Filter>
    </ClInclude>
    <ClInclude Include="Mesh.h">
      <Filter>ヘッダー ファイル\DirectX</Filter>
    </ClInclude>
    <ClInclude Include="Transform.h">
      <Filter>ヘッダー ファイル\DirectX</Filter>
    </ClInclude>
    <ClInclude Include="GampApp.h">
      <Filter>ヘッダー ファイル\GameApp</Filter>
    </ClInclude>
    <ClInclude Include="SceneBase.h">
      <Filter>ヘッダー ファイル\Scene</Filter>
    </ClInclude>
    <ClInclude Include="SceneManager.h">
      <Filter>ヘッダー ファイル\Scene</Filter>
    </ClInclude>
    <ClInclude Include="DirLight.h">
      <Filter>ヘッダー ファイル\Light</Filter>
    </ClInclude>
    <ClInclude Include="LightBase.h">
      <Filter>ヘッダー ファイル\Light</Filter>
    </ClInclude>
    <ClInclude Include="SceneGame.h">
      <Filter>ヘッダー ファイル\Scene\SubScene</Filter>
    </ClInclude>
    <ClInclude Include="GUI.h">
      <Filter>ヘッダー ファイル\Debug</Filter>
    </ClInclude>
    <ClInclude Include="DebugLog.h">
      <Filter>ヘッダー ファイル\Debug</Filter>
    </ClInclude>
    <ClInclude Include="Model.h">
      <Filter>ヘッダー ファイル\BaseModel</Filter>
    </ClInclude>
    <ClInclude Include="D2DBrush.h">
      <Filter>ヘッダー ファイル\UI</Filter>
    </ClInclude>
    <ClInclude Include="UI2D.h">
      <Filter>ヘッダー ファイル\UI</Filter>
    </ClInclude>
    <ClInclude Include="Timer.h">
      <Filter>ヘッダー ファイル\Timer</Filter>
    </ClInclude>
    <ClInclude Include="Primitive.h">
      <Filter>ヘッダー ファイル\BaseModel</Filter>
    </ClInclude>
    <ClInclude Include="Cylinder.h">
      <Filter>ヘッダー ファイル\BaseModel</Filter>
    </ClInclude>
    <ClInclude Include="Capsule.h">
      <Filter>ヘッダー ファイル\BaseModel</Filter>
    </ClInclude>
    <ClInclude Include="Collider.h">
      <Filter>ヘッダー ファイル\Collider</Filter>
    </ClInclude>
    <ClInclude Include="Ingredient.h">
      <Filter>ヘッダー ファイル\GameObject</Filter>
    </ClInclude>
    <ClInclude Include="Object.h">
      <Filter>ヘッダー ファイル\GameObject</Filter>
    </ClInclude>
    <ClInclude Include="RenderState.h">
      <Filter>ヘッダー ファイル\DirectX\RenderState</Filter>
    </ClInclude>
    <ClInclude Include="SceneTitle.h">
      <Filter>ヘッダー ファイル\Scene\SubScene</Filter>
    </ClInclude>
    <ClInclude Include="UIButton.h">
      <Filter>ヘッダー ファイル\UI\BillboardUI</Filter>
    </ClInclude>
    <ClInclude Include="RigidBody.h">
      <Filter>ヘッダー ファイル\RigidBody</Filter>
    </ClInclude>
    <ClInclude Include="CylinderOneCap.h">
      <Filter>ヘッダー ファイル\BaseModel</Filter>
    </ClInclude>
    <ClInclude Include="Water.h">
      <Filter>ヘッダー ファイル\GameObject</Filter>
    </ClInclude>
    <ClInclude Include="PointLight.h">
      <Filter>ヘッダー ファイル\Light</Filter>
    </ClInclude>
    <ClInclude Include="Player.h">
      <Filter>ヘッダー ファイル</Filter>
    </ClInclude>
    <ClInclude Include="UIFont.h">
      <Filter>ヘッダー ファイル\UI\BillboardUI</Filter>
    </ClInclude>
    <ClInclude Include="SceneInGameOption.h">
      <Filter>ヘッダー ファイル\Scene\SubScene</Filter>
    </ClInclude>
    <ClInclude Include="SceneLab.h">
      <Filter>ヘッダー ファイル\Scene\SubScene</Filter>
    </ClInclude>
    <ClInclude Include="SceneMission.h">
      <Filter>ヘッダー ファイル\Scene\SubScene</Filter>
    </ClInclude>
    <ClInclude Include="ScenePotion.h">
      <Filter>ヘッダー ファイル\Scene\SubScene</Filter>
    </ClInclude>
    <ClInclude Include="InteractiveStaticObject.h">
      <Filter>ヘッダー ファイル\GameObject</Filter>
    </ClInclude>
    <ClInclude Include="MissionPaper.h">
      <Filter>ヘッダー ファイル</Filter>
    </ClInclude>
    <ClInclude Include="StaticObject.h">
      <Filter>ヘッダー ファイル\GameObject</Filter>
    </ClInclude>
    <ClInclude Include="UVAnimation.h">
      <Filter>ヘッダー ファイル\Animation</Filter>
    </ClInclude>
    <ClInclude Include="Tile.h">
      <Filter>ヘッダー ファイル\UI\BillboardUI\UIMesh</Filter>
    </ClInclude>
    <ClInclude Include="Circle.h">
      <Filter>ヘッダー ファイル\BaseModel</Filter>
    </ClInclude>
    <ClInclude Include="Sphere.h">
      <Filter>ヘッダー ファイル\BaseModel</Filter>
    </ClInclude>
    <ClInclude Include="Square.h">
      <Filter>ヘッダー ファイル\BaseModel</Filter>
    </ClInclude>
    <ClInclude Include="SceneOption.h">
      <Filter>ヘッダー ファイル\Scene\SubScene</Filter>
    </ClInclude>
    <ClInclude Include="UIStackContainer.h">
      <Filter>ヘッダー ファイル\UI\BillboardUI</Filter>
    </ClInclude>
    <ClInclude Include="UI_Capsule.h">
      <Filter>ヘッダー ファイル\UI\BillboardUI\UIMesh</Filter>
    </ClInclude>
    <ClInclude Include="UI_Square.h">
      <Filter>ヘッダー ファイル\UI\BillboardUI\UIMesh</Filter>
    </ClInclude>
    <ClInclude Include="UI_Primitive.h">
      <Filter>ヘッダー ファイル\UI\BillboardUI\UIMesh</Filter>
    </ClInclude>
    <ClInclude Include="CanvasUI.h">
      <Filter>ヘッダー ファイル\UI\BillboardUI</Filter>
    </ClInclude>
    <ClInclude Include="Sprite.h">
      <Filter>ヘッダー ファイル</Filter>
    </ClInclude>
    <ClInclude Include="WaterState.h">
      <Filter>ヘッダー ファイル</Filter>
    </ClInclude>
    <ClInclude Include="PBRModel.h">
      <Filter>ヘッダー ファイル\BaseModel</Filter>
    </ClInclude>
  </ItemGroup>
  <ItemGroup>
    <FxCompile Include="PS_Object.hlsl">
      <Filter>リソース ファイル\PS</Filter>
    </FxCompile>
    <FxCompile Include="PS_DefaultUI.hlsl">
      <Filter>リソース ファイル\PS</Filter>
    </FxCompile>
    <FxCompile Include="VS_DefaultUI.hlsl">
      <Filter>リソース ファイル\VS</Filter>
    </FxCompile>
    <FxCompile Include="PS_Primitives.hlsl">
      <Filter>リソース ファイル\PS</Filter>
    </FxCompile>
    <FxCompile Include="VS_Primitives.hlsl">
      <Filter>リソース ファイル\VS</Filter>
    </FxCompile>
    <FxCompile Include="PS_ButtonUI.hlsl">
      <Filter>リソース ファイル\PS</Filter>
    </FxCompile>
    <FxCompile Include="PS_PBRModel.hlsl">
      <Filter>リソース ファイル\PS</Filter>
    </FxCompile>
    <FxCompile Include="VS_PBRModel.hlsl">
      <Filter>リソース ファイル\VS</Filter>
    </FxCompile>
    <FxCompile Include="PS_InterActiveObjectPBRModel.hlsl">
      <Filter>リソース ファイル\PS</Filter>
    </FxCompile>
    <FxCompile Include="PS_UIFont.hlsl">
      <Filter>リソース ファイル\PS</Filter>
    </FxCompile>
    <FxCompile Include="PS_DefaultSprite.hlsl">
      <Filter>リソース ファイル\PS</Filter>
    </FxCompile>
    <FxCompile Include="VS_DefaultSprite.hlsl">
      <Filter>リソース ファイル\VS</Filter>
    </FxCompile>
    <FxCompile Include="PS_WriteDepth.hlsl">
      <Filter>リソース ファイル\PS</Filter>
    </FxCompile>
    <FxCompile Include="PS_Shadow.hlsl">
      <Filter>リソース ファイル\PS</Filter>
    </FxCompile>
    <FxCompile Include="VS_SpriteShadow.hlsl">
      <Filter>リソース ファイル\VS</Filter>
    </FxCompile>
    <FxCompile Include="VS_Water.hlsl">
      <Filter>リソース ファイル\VS</Filter>
    </FxCompile>
    <FxCompile Include="PS_Water.hlsl">
      <Filter>リソース ファイル\PS</Filter>
    </FxCompile>
  </ItemGroup>
  <ItemGroup>
    <None Include="LightHelper.hlsli">
      <Filter>リソース ファイル</Filter>
    </None>
  </ItemGroup>
</Project>